
Microsoft Visual Studio Solution File, Format Version 12.00
# Visual Studio 15
VisualStudioVersion = 15.0.28307.271
MinimumVisualStudioVersion = 10.0.40219.1
Project("{8BC9CEB8-8B4A-11D0-8D11-00A0C91BC942}") = "screens4", "screens4.vcxproj", "{FFE7728C-3B3A-48BD-A522-E6B792F8CE4E}"
EndProject
Project("{8BC9CEB8-8B4A-11D0-8D11-00A0C91BC942}") = "wz4lib", "wz4lib.vcxproj", "{988F539C-DB3C-416D-94B1-96A61922BFFB}"
	ProjectSection(ProjectDependencies) = postProject
		{7F248323-0746-45F6-8ED4-E2B76800EBCB} = {7F248323-0746-45F6-8ED4-E2B76800EBCB}
		{5E9642DF-C119-4F7A-81AD-38B1569DD13A} = {5E9642DF-C119-4F7A-81AD-38B1569DD13A}
		{7B104EF6-36CD-41D6-8EFA-9E84140106A2} = {7B104EF6-36CD-41D6-8EFA-9E84140106A2}
	EndProjectSection
EndProject
Project("{2150E333-8FDC-42A3-9474-1A3956D46DE8}") = "Build tools", "Build tools", "{F9CA7A59-C06A-47D3-9BBF-75DDDCC5DCF5}"
EndProject
Project("{8BC9CEB8-8B4A-11D0-8D11-00A0C91BC942}") = "bin2h", "bin2h.vcxproj", "{7B104EF6-36CD-41D6-8EFA-9E84140106A2}"
EndProject
Project("{8BC9CEB8-8B4A-11D0-8D11-00A0C91BC942}") = "asc", "asc.vcxproj", "{5E9642DF-C119-4F7A-81AD-38B1569DD13A}"
EndProject
Project("{8BC9CEB8-8B4A-11D0-8D11-00A0C91BC942}") = "wz4ops", "wz4ops.vcxproj", "{7F248323-0746-45F6-8ED4-E2B76800EBCB}"
EndProject
Project("{8BC9CEB8-8B4A-11D0-8D11-00A0C91BC942}") = "werkkzeug4", "werkkzeug4.vcxproj", "{F7D8A1EE-47F4-47F3-A29B-EEE0B924DA1B}"
EndProject
Project("{8BC9CEB8-8B4A-11D0-8D11-00A0C91BC942}") = "libcef_wrapper", "libcef_wrapper.vcxproj", "{F097A71C-CFB6-415C-8F2D-8A5A369AD991}"
EndProject
Global
	GlobalSection(SolutionConfigurationPlatforms) = preSolution
		Debug|x64 = Debug|x64
		Debug|x86 = Debug|x86
		Release|x64 = Release|x64
		Release|x86 = Release|x86
	EndGlobalSection
	GlobalSection(ProjectConfigurationPlatforms) = postSolution
		{FFE7728C-3B3A-48BD-A522-E6B792F8CE4E}.Debug|x64.ActiveCfg = Debug|x64
		{FFE7728C-3B3A-48BD-A522-E6B792F8CE4E}.Debug|x64.Build.0 = Debug|x64
		{FFE7728C-3B3A-48BD-A522-E6B792F8CE4E}.Debug|x86.ActiveCfg = Debug|Win32
		{FFE7728C-3B3A-48BD-A522-E6B792F8CE4E}.Debug|x86.Build.0 = Debug|Win32
		{FFE7728C-3B3A-48BD-A522-E6B792F8CE4E}.Release|x64.ActiveCfg = Release|x64
		{FFE7728C-3B3A-48BD-A522-E6B792F8CE4E}.Release|x64.Build.0 = Release|x64
		{FFE7728C-3B3A-48BD-A522-E6B792F8CE4E}.Release|x86.ActiveCfg = Release|Win32
		{FFE7728C-3B3A-48BD-A522-E6B792F8CE4E}.Release|x86.Build.0 = Release|Win32
		{988F539C-DB3C-416D-94B1-96A61922BFFB}.Debug|x64.ActiveCfg = Debug|x64
		{988F539C-DB3C-416D-94B1-96A61922BFFB}.Debug|x64.Build.0 = Debug|x64
		{988F539C-DB3C-416D-94B1-96A61922BFFB}.Debug|x86.ActiveCfg = Debug|Win32
		{988F539C-DB3C-416D-94B1-96A61922BFFB}.Debug|x86.Build.0 = Debug|Win32
		{988F539C-DB3C-416D-94B1-96A61922BFFB}.Release|x64.ActiveCfg = Release|x64
		{988F539C-DB3C-416D-94B1-96A61922BFFB}.Release|x64.Build.0 = Release|x64
		{988F539C-DB3C-416D-94B1-96A61922BFFB}.Release|x86.ActiveCfg = Release|Win32
		{988F539C-DB3C-416D-94B1-96A61922BFFB}.Release|x86.Build.0 = Release|Win32
		{7B104EF6-36CD-41D6-8EFA-9E84140106A2}.Debug|x64.ActiveCfg = Debug|x64
		{7B104EF6-36CD-41D6-8EFA-9E84140106A2}.Debug|x64.Build.0 = Debug|x64
		{7B104EF6-36CD-41D6-8EFA-9E84140106A2}.Debug|x86.ActiveCfg = Debug|Win32
		{7B104EF6-36CD-41D6-8EFA-9E84140106A2}.Debug|x86.Build.0 = Debug|Win32
		{7B104EF6-36CD-41D6-8EFA-9E84140106A2}.Release|x64.ActiveCfg = Release|x64
		{7B104EF6-36CD-41D6-8EFA-9E84140106A2}.Release|x64.Build.0 = Release|x64
		{7B104EF6-36CD-41D6-8EFA-9E84140106A2}.Release|x86.ActiveCfg = Release|Win32
		{7B104EF6-36CD-41D6-8EFA-9E84140106A2}.Release|x86.Build.0 = Release|Win32
		{5E9642DF-C119-4F7A-81AD-38B1569DD13A}.Debug|x64.ActiveCfg = Debug|x64
		{5E9642DF-C119-4F7A-81AD-38B1569DD13A}.Debug|x64.Build.0 = Debug|x64
		{5E9642DF-C119-4F7A-81AD-38B1569DD13A}.Debug|x86.ActiveCfg = Debug|Win32
		{5E9642DF-C119-4F7A-81AD-38B1569DD13A}.Debug|x86.Build.0 = Debug|Win32
		{5E9642DF-C119-4F7A-81AD-38B1569DD13A}.Release|x64.ActiveCfg = Release|x64
		{5E9642DF-C119-4F7A-81AD-38B1569DD13A}.Release|x64.Build.0 = Release|x64
		{5E9642DF-C119-4F7A-81AD-38B1569DD13A}.Release|x86.ActiveCfg = Release|Win32
		{5E9642DF-C119-4F7A-81AD-38B1569DD13A}.Release|x86.Build.0 = Release|Win32
		{7F248323-0746-45F6-8ED4-E2B76800EBCB}.Debug|x64.ActiveCfg = Debug|x64
		{7F248323-0746-45F6-8ED4-E2B76800EBCB}.Debug|x64.Build.0 = Debug|x64
		{7F248323-0746-45F6-8ED4-E2B76800EBCB}.Debug|x86.ActiveCfg = Debug|Win32
		{7F248323-0746-45F6-8ED4-E2B76800EBCB}.Debug|x86.Build.0 = Debug|Win32
		{7F248323-0746-45F6-8ED4-E2B76800EBCB}.Release|x64.ActiveCfg = Release|x64
		{7F248323-0746-45F6-8ED4-E2B76800EBCB}.Release|x64.Build.0 = Release|x64
		{7F248323-0746-45F6-8ED4-E2B76800EBCB}.Release|x86.ActiveCfg = Release|Win32
		{7F248323-0746-45F6-8ED4-E2B76800EBCB}.Release|x86.Build.0 = Release|Win32
		{F7D8A1EE-47F4-47F3-A29B-EEE0B924DA1B}.Debug|x64.ActiveCfg = Debug|x64
		{F7D8A1EE-47F4-47F3-A29B-EEE0B924DA1B}.Debug|x64.Build.0 = Debug|x64
		{F7D8A1EE-47F4-47F3-A29B-EEE0B924DA1B}.Debug|x86.ActiveCfg = Debug|Win32
		{F7D8A1EE-47F4-47F3-A29B-EEE0B924DA1B}.Debug|x86.Build.0 = Debug|Win32
		{F7D8A1EE-47F4-47F3-A29B-EEE0B924DA1B}.Release|x64.ActiveCfg = Release|x64
		{F7D8A1EE-47F4-47F3-A29B-EEE0B924DA1B}.Release|x64.Build.0 = Release|x64
		{F7D8A1EE-47F4-47F3-A29B-EEE0B924DA1B}.Release|x86.ActiveCfg = Release|Win32
		{F7D8A1EE-47F4-47F3-A29B-EEE0B924DA1B}.Release|x86.Build.0 = Release|Win32
		{F097A71C-CFB6-415C-8F2D-8A5A369AD991}.Debug|x64.ActiveCfg = Debug|x64
		{F097A71C-CFB6-415C-8F2D-8A5A369AD991}.Debug|x64.Build.0 = Debug|x64
		{F097A71C-CFB6-415C-8F2D-8A5A369AD991}.Debug|x86.ActiveCfg = Debug|Win32
		{F097A71C-CFB6-415C-8F2D-8A5A369AD991}.Debug|x86.Build.0 = Debug|Win32
		{F097A71C-CFB6-415C-8F2D-8A5A369AD991}.Release|x64.ActiveCfg = Release|x64
		{F097A71C-CFB6-415C-8F2D-8A5A369AD991}.Release|x64.Build.0 = Release|x64
		{F097A71C-CFB6-415C-8F2D-8A5A369AD991}.Release|x86.ActiveCfg = Release|Win32
		{F097A71C-CFB6-415C-8F2D-8A5A369AD991}.Release|x86.Build.0 = Release|Win32
	EndGlobalSection
	GlobalSection(SolutionProperties) = preSolution
		HideSolutionNode = FALSE
	EndGlobalSection
	GlobalSection(NestedProjects) = preSolution
		{7B104EF6-36CD-41D6-8EFA-9E84140106A2} = {F9CA7A59-C06A-47D3-9BBF-75DDDCC5DCF5}
		{5E9642DF-C119-4F7A-81AD-38B1569DD13A} = {F9CA7A59-C06A-47D3-9BBF-75DDDCC5DCF5}
		{7F248323-0746-45F6-8ED4-E2B76800EBCB} = {F9CA7A59-C06A-47D3-9BBF-75DDDCC5DCF5}
	EndGlobalSection
	GlobalSection(ExtensibilityGlobals) = postSolution
		SolutionGuid = {5DE3C451-B0D5-4D69-B27F-B320FD3B6C74}
	EndGlobalSection
EndGlobal
